PODS:
  - Qonversion (5.2.0):
    - Qonversion/Main (= 5.2.0)
  - Qonversion/Main (5.2.0)
  - QonversionSandwich (3.1.1):
    - Qonversion (= 5.2.0)

DEPENDENCIES:
  - Qonversion (= 5.2.0)
  - QonversionSandwich (from `../`)

SPEC REPOS:
  https://github.com/CocoaPods/Specs.git:
    - Qonversion

EXTERNAL SOURCES:
  QonversionSandwich:
    :path: "../"

SPEC CHECKSUMS:
  Qonversion: 7b56446a98f5a31bbe9a4611c6baa14e0bafa4c8
  QonversionSandwich: d8b124c05168b6857ddeb4f5749a216d7f86432e

PODFILE CHECKSUM: 8b231459318e579aedbcab612dda81338d17236c

COCOAPODS: 1.11.3
