PODS:
  - Qonversion (5.4.0):
    - Qonversion/Main (= 5.4.0)
  - Qonversion/Main (5.4.0)
  - QonversionSandwich (3.2.0):
    - Qonversion (= 5.4.0)

DEPENDENCIES:
  - Qonversion (= 5.4.0)
  - QonversionSandwich (from `../`)

SPEC REPOS:
  https://github.com/CocoaPods/Specs.git:
    - Qonversion

EXTERNAL SOURCES:
  QonversionSandwich:
    :path: "../"

SPEC CHECKSUMS:
  Qonversion: a3ae61a00cbfa066fe2ae655f2f598b6488fea85
  QonversionSandwich: 64e64235023bc3e48de2fe9e74324821cc4a5905

PODFILE CHECKSUM: 2879bebd139cda6f136bd491cc861805e53d81d0

COCOAPODS: 1.13.0
