PODS:
  - Qonversion (6.14.0):
    - Qonversion/Main (= 6.14.0)
  - Qonversion/Main (6.14.0)
  - QonversionSandwich (7.11.0):
    - Qonversion (= 6.14.0)

DEPENDENCIES:
  - QonversionSandwich (from `../`)

SPEC REPOS:
  https://github.com/CocoaPods/Specs.git:
    - Qonversion

EXTERNAL SOURCES:
  QonversionSandwich:
    :path: "../"

SPEC CHECKSUMS:
  Qonversion: 13339f4ee9982825725d1c650653c6e8dafec1aa
  QonversionSandwich: ce01883ae9b21446d0361d8e5b508564fcee10da

PODFILE CHECKSUM: ac49d3b542908b3399ace18f7369621020b752c0

COCOAPODS: 1.16.2
